Microsoft Visual Studio Solution File, Format Version 11.00
# Visual Studio 2008

Project("{C326DC3B-0DF2-7532-171A-5CA251E53878}") = "Wish You Well main", "Assembly-CSharp.csproj", "{5DED100E-9092-0FB5-2806-772C5741F836}"
EndProject
Global
	GlobalSection(SolutionConfigurationPlatforms) = preSolution
		Debug|Any CPU = Debug|Any CPU
		Release|Any CPU = Release|Any CPU
	EndGlobalSection
	GlobalSection(ProjectConfigurationPlatforms) = postSolution
		{5DED100E-9092-0FB5-2806-772C5741F836}.Debug|Any CPU.ActiveCfg = Debug|Any CPU
		{5DED100E-9092-0FB5-2806-772C5741F836}.Debug|Any CPU.Build.0 = Debug|Any CPU
		{5DED100E-9092-0FB5-2806-772C5741F836}.Release|Any CPU.ActiveCfg = Release|Any CPU
		{5DED100E-9092-0FB5-2806-772C5741F836}.Release|Any CPU.Build.0 = Release|Any CPU
	EndGlobalSection
	GlobalSection(SolutionProperties) = preSolution
		HideSolutionNode = FALSE
	EndGlobalSection
	GlobalSection(MonoDevelopProperties) = preSolution
		StartupItem = Assembly-CSharp.csproj
	EndGlobalSection
EndGlobal
